// !$*UTF8*$!
{
	archiveVersion = 1;
	classes = {
	};
	objectVersion = 46;
	objects = {

/* Begin PBXBuildFile section */
		7E4F981A70980D3548AC4626 /* libPods-Blocstagram.a in Frameworks */ = {isa = PBXBuildFile; fileRef = 70C2B67E0E32DD4F41A9B42E /* libPods-Blocstagram.a */; };
		9B0C88501D14AAB000135BB0 /* CircleSpinnerView.m in Sources */ = {isa = PBXBuildFile; fileRef = 9B0C884F1D14AAB000135BB0 /* CircleSpinnerView.m */; };
		9B0D603D1D0775D100ECD795 /* MediaTableViewCell.m in Sources */ = {isa = PBXBuildFile; fileRef = 9B0D603C1D0775D100ECD795 /* MediaTableViewCell.m */; };
		9B0D60401D0A328800ECD795 /* LoginViewController.m in Sources */ = {isa = PBXBuildFile; fileRef = 9B0D603F1D0A328800ECD795 /* LoginViewController.m */; };
		9B17EC831D00D473000B2B10 /* main.m in Sources */ = {isa = PBXBuildFile; fileRef = 9B17EC821D00D473000B2B10 /* main.m */; };
		9B17EC861D00D473000B2B10 /* AppDelegate.m in Sources */ = {isa = PBXBuildFile; fileRef = 9B17EC851D00D473000B2B10 /* AppDelegate.m */; };
		9B17EC8E1D00D473000B2B10 /* Assets.xcassets in Resources */ = {isa = PBXBuildFile; fileRef = 9B17EC8D1D00D473000B2B10 /* Assets.xcassets */; };
		9B17EC911D00D473000B2B10 /* LaunchScreen.storyboard in Resources */ = {isa = PBXBuildFile; fileRef = 9B17EC8F1D00D473000B2B10 /* LaunchScreen.storyboard */; };
		9B17EC9C1D00D473000B2B10 /* BlocstagramTests.m in Sources */ = {isa = PBXBuildFile; fileRef = 9B17EC9B1D00D473000B2B10 /* BlocstagramTests.m */; };
		9B17ECA71D00D473000B2B10 /* BlocstagramUITests.m in Sources */ = {isa = PBXBuildFile; fileRef = 9B17ECA61D00D473000B2B10 /* BlocstagramUITests.m */; };
		9B17ECBF1D00DAD2000B2B10 /* 1.jpg in Resources */ = {isa = PBXBuildFile; fileRef = 9B17ECB51D00DAD2000B2B10 /* 1.jpg */; };
		9B17ECC01D00DAD2000B2B10 /* 2.jpg in Resources */ = {isa = PBXBuildFile; fileRef = 9B17ECB61D00DAD2000B2B10 /* 2.jpg */; };
		9B17ECC11D00DAD2000B2B10 /* 3.jpg in Resources */ = {isa = PBXBuildFile; fileRef = 9B17ECB71D00DAD2000B2B10 /* 3.jpg */; };
		9B17ECC21D00DAD2000B2B10 /* 4.jpg in Resources */ = {isa = PBXBuildFile; fileRef = 9B17ECB81D00DAD2000B2B10 /* 4.jpg */; };
		9B17ECC31D00DAD2000B2B10 /* 5.jpg in Resources */ = {isa = PBXBuildFile; fileRef = 9B17ECB91D00DAD2000B2B10 /* 5.jpg */; };
		9B17ECC41D00DAD2000B2B10 /* 6.jpg in Resources */ = {isa = PBXBuildFile; fileRef = 9B17ECBA1D00DAD2000B2B10 /* 6.jpg */; };
		9B17ECC51D00DAD2000B2B10 /* 7.jpg in Resources */ = {isa = PBXBuildFile; fileRef = 9B17ECBB1D00DAD2000B2B10 /* 7.jpg */; };
		9B17ECC61D00DAD2000B2B10 /* 8.jpg in Resources */ = {isa = PBXBuildFile; fileRef = 9B17ECBC1D00DAD2000B2B10 /* 8.jpg */; };
		9B17ECC71D00DAD2000B2B10 /* 9.jpg in Resources */ = {isa = PBXBuildFile; fileRef = 9B17ECBD1D00DAD2000B2B10 /* 9.jpg */; };
		9B17ECC81D00DAD2000B2B10 /* 10.jpg in Resources */ = {isa = PBXBuildFile; fileRef = 9B17ECBE1D00DAD2000B2B10 /* 10.jpg */; };
		9B17ECCE1D00DB8F000B2B10 /* ImagesTableViewController.m in Sources */ = {isa = PBXBuildFile; fileRef = 9B17ECCD1D00DB8F000B2B10 /* ImagesTableViewController.m */; };
		9B17ECD31D062021000B2B10 /* User.m in Sources */ = {isa = PBXBuildFile; fileRef = 9B17ECD21D062021000B2B10 /* User.m */; };
		9B17ECD61D062198000B2B10 /* Media.m in Sources */ = {isa = PBXBuildFile; fileRef = 9B17ECD51D062198000B2B10 /* Media.m */; };
		9B17ECD91D0624B7000B2B10 /* Comment.m in Sources */ = {isa = PBXBuildFile; fileRef = 9B17ECD81D0624B7000B2B10 /* Comment.m */; };
		9B17ECDC1D06254F000B2B10 /* DataSource.m in Sources */ = {isa = PBXBuildFile; fileRef = 9B17ECDB1D06254F000B2B10 /* DataSource.m */; };
		9B3484521D11BEAA00740C7B /* MediaFullScreenViewController.m in Sources */ = {isa = PBXBuildFile; fileRef = 9B3484511D11BEAA00740C7B /* MediaFullScreenViewController.m */; };
/* End PBXBuildFile section */

/* Begin PBXContainerItemProxy section */
		9B17EC981D00D473000B2B10 /* PBXContainerItemProxy */ = {
			isa = PBXContainerItemProxy;
			containerPortal = 9B17EC761D00D473000B2B10 /* Project object */;
			proxyType = 1;
			remoteGlobalIDString = 9B17EC7D1D00D473000B2B10;
			remoteInfo = Blocstagram;
		};
		9B17ECA31D00D473000B2B10 /* PBXContainerItemProxy */ = {
			isa = PBXContainerItemProxy;
			containerPortal = 9B17EC761D00D473000B2B10 /* Project object */;
			proxyType = 1;
			remoteGlobalIDString = 9B17EC7D1D00D473000B2B10;
			remoteInfo = Blocstagram;
		};
/* End PBXContainerItemProxy section */

/* Begin PBXFileReference section */
		064EE0878E0B98646A7B6D05 /* Pods-Blocstagram.debug.xcconfig */ = {isa = PBXFileReference; includeInIndex = 1; lastKnownFileType = text.xcconfig; name = "Pods-Blocstagram.debug.xcconfig"; path = "../Pods/Target Support Files/Pods-Blocstagram/Pods-Blocstagram.debug.xcconfig"; sourceTree = "<group>"; };
		70C2B67E0E32DD4F41A9B42E /* libPods-Blocstagram.a */ = {isa = PBXFileReference; explicitFileType = archive.ar; includeInIndex = 0; path = "libPods-Blocstagram.a"; sourceTree = BUILT_PRODUCTS_DIR; };
		78CC440274E1D22BDCB5256E /* Pods-Blocstagram.release.xcconfig */ = {isa = PBXFileReference; includeInIndex = 1; lastKnownFileType = text.xcconfig; name = "Pods-Blocstagram.release.xcconfig"; path = "../Pods/Target Support Files/Pods-Blocstagram/Pods-Blocstagram.release.xcconfig"; sourceTree = "<group>"; };
		9B0C884E1D14AAB000135BB0 /* CircleSpinnerView.h */ = {isa = PBXFileReference; fileEncoding = 4; lastKnownFileType = sourcecode.c.h; name = CircleSpinnerView.h; path = ../../Blocstagram/Blocstagram/CircleSpinnerView.h; sourceTree = "<group>"; };
		9B0C884F1D14AAB000135BB0 /* CircleSpinnerView.m */ = {isa = PBXFileReference; fileEncoding = 4; lastKnownFileType = sourcecode.c.objc; name = CircleSpinnerView.m; path = ../../Blocstagram/Blocstagram/CircleSpinnerView.m; sourceTree = "<group>"; };
		9B0D603B1D0775D100ECD795 /* MediaTableViewCell.h */ = {isa = PBXFileReference; fileEncoding = 4; lastKnownFileType = sourcecode.c.h; path = MediaTableViewCell.h; sourceTree = "<group>"; };
		9B0D603C1D0775D100ECD795 /* MediaTableViewCell.m */ = {isa = PBXFileReference; fileEncoding = 4; lastKnownFileType = sourcecode.c.objc; path = MediaTableViewCell.m; sourceTree = "<group>"; };
		9B0D603E1D0A328800ECD795 /* LoginViewController.h */ = {isa = PBXFileReference; fileEncoding = 4; lastKnownFileType = sourcecode.c.h; path = LoginViewController.h; sourceTree = "<group>"; };
		9B0D603F1D0A328800ECD795 /* LoginViewController.m */ = {isa = PBXFileReference; fileEncoding = 4; lastKnownFileType = sourcecode.c.objc; path = LoginViewController.m; sourceTree = "<group>"; };
		9B17EC7E1D00D473000B2B10 /* Blocstagram.app */ = {isa = PBXFileReference; explicitFileType = wrapper.application; includeInIndex = 0; path = Blocstagram.app; sourceTree = BUILT_PRODUCTS_DIR; };
		9B17EC821D00D473000B2B10 /* main.m */ = {isa = PBXFileReference; lastKnownFileType = sourcecode.c.objc; path = main.m; sourceTree = "<group>"; };
		9B17EC841D00D473000B2B10 /* AppDelegate.h */ = {isa = PBXFileReference; lastKnownFileType = sourcecode.c.h; path = AppDelegate.h; sourceTree = "<group>"; };
		9B17EC851D00D473000B2B10 /* AppDelegate.m */ = {isa = PBXFileReference; lastKnownFileType = sourcecode.c.objc; path = AppDelegate.m; sourceTree = "<group>"; };
		9B17EC8D1D00D473000B2B10 /* Assets.xcassets */ = {isa = PBXFileReference; lastKnownFileType = folder.assetcatalog; path = Assets.xcassets; sourceTree = "<group>"; };
		9B17EC901D00D473000B2B10 /* Base */ = {isa = PBXFileReference; lastKnownFileType = file.storyboard; name = Base; path = Base.lproj/LaunchScreen.storyboard; sourceTree = "<group>"; };
		9B17EC921D00D473000B2B10 /* Info.plist */ = {isa = PBXFileReference; lastKnownFileType = text.plist.xml; path = Info.plist; sourceTree = "<group>"; };
		9B17EC971D00D473000B2B10 /* BlocstagramTests.xctest */ = {isa = PBXFileReference; explicitFileType = wrapper.cfbundle; includeInIndex = 0; path = BlocstagramTests.xctest; sourceTree = BUILT_PRODUCTS_DIR; };
		9B17EC9B1D00D473000B2B10 /* BlocstagramTests.m */ = {isa = PBXFileReference; lastKnownFileType = sourcecode.c.objc; path = BlocstagramTests.m; sourceTree = "<group>"; };
		9B17EC9D1D00D473000B2B10 /* Info.plist */ = {isa = PBXFileReference; lastKnownFileType = text.plist.xml; path = Info.plist; sourceTree = "<group>"; };
		9B17ECA21D00D473000B2B10 /* BlocstagramUITests.xctest */ = {isa = PBXFileReference; explicitFileType = wrapper.cfbundle; includeInIndex = 0; path = BlocstagramUITests.xctest; sourceTree = BUILT_PRODUCTS_DIR; };
		9B17ECA61D00D473000B2B10 /* BlocstagramUITests.m */ = {isa = PBXFileReference; lastKnownFileType = sourcecode.c.objc; path = BlocstagramUITests.m; sourceTree = "<group>"; };
		9B17ECA81D00D473000B2B10 /* Info.plist */ = {isa = PBXFileReference; lastKnownFileType = text.plist.xml; path = Info.plist; sourceTree = "<group>"; };
		9B17ECB51D00DAD2000B2B10 /* 1.jpg */ = {isa = PBXFileReference; lastKnownFileType = image.jpeg; path = 1.jpg; sourceTree = "<group>"; };
		9B17ECB61D00DAD2000B2B10 /* 2.jpg */ = {isa = PBXFileReference; lastKnownFileType = image.jpeg; path = 2.jpg; sourceTree = "<group>"; };
		9B17ECB71D00DAD2000B2B10 /* 3.jpg */ = {isa = PBXFileReference; lastKnownFileType = image.jpeg; path = 3.jpg; sourceTree = "<group>"; };
		9B17ECB81D00DAD2000B2B10 /* 4.jpg */ = {isa = PBXFileReference; lastKnownFileType = image.jpeg; path = 4.jpg; sourceTree = "<group>"; };
		9B17ECB91D00DAD2000B2B10 /* 5.jpg */ = {isa = PBXFileReference; lastKnownFileType = image.jpeg; path = 5.jpg; sourceTree = "<group>"; };
		9B17ECBA1D00DAD2000B2B10 /* 6.jpg */ = {isa = PBXFileReference; lastKnownFileType = image.jpeg; path = 6.jpg; sourceTree = "<group>"; };
		9B17ECBB1D00DAD2000B2B10 /* 7.jpg */ = {isa = PBXFileReference; lastKnownFileType = image.jpeg; path = 7.jpg; sourceTree = "<group>"; };
		9B17ECBC1D00DAD2000B2B10 /* 8.jpg */ = {isa = PBXFileReference; lastKnownFileType = image.jpeg; path = 8.jpg; sourceTree = "<group>"; };
		9B17ECBD1D00DAD2000B2B10 /* 9.jpg */ = {isa = PBXFileReference; lastKnownFileType = image.jpeg; path = 9.jpg; sourceTree = "<group>"; };
		9B17ECBE1D00DAD2000B2B10 /* 10.jpg */ = {isa = PBXFileReference; lastKnownFileType = image.jpeg; path = 10.jpg; sourceTree = "<group>"; };
		9B17ECCC1D00DB8F000B2B10 /* ImagesTableViewController.h */ = {isa = PBXFileReference; fileEncoding = 4; lastKnownFileType = sourcecode.c.h; name = ImagesTableViewController.h; path = ../ImagesTableViewController.h; sourceTree = "<group>"; };
		9B17ECCD1D00DB8F000B2B10 /* ImagesTableViewController.m */ = {isa = PBXFileReference; fileEncoding = 4; lastKnownFileType = sourcecode.c.objc; name = ImagesTableViewController.m; path = ../ImagesTableViewController.m; sourceTree = "<group>"; };
		9B17ECD11D062021000B2B10 /* User.h */ = {isa = PBXFileReference; fileEncoding = 4; lastKnownFileType = sourcecode.c.h; path = User.h; sourceTree = "<group>"; };
		9B17ECD21D062021000B2B10 /* User.m */ = {isa = PBXFileReference; fileEncoding = 4; lastKnownFileType = sourcecode.c.objc; path = User.m; sourceTree = "<group>"; };
		9B17ECD41D062198000B2B10 /* Media.h */ = {isa = PBXFileReference; fileEncoding = 4; lastKnownFileType = sourcecode.c.h; path = Media.h; sourceTree = "<group>"; };
		9B17ECD51D062198000B2B10 /* Media.m */ = {isa = PBXFileReference; fileEncoding = 4; lastKnownFileType = sourcecode.c.objc; path = Media.m; sourceTree = "<group>"; };
		9B17ECD71D0624B7000B2B10 /* Comment.h */ = {isa = PBXFileReference; fileEncoding = 4; lastKnownFileType = sourcecode.c.h; path = Comment.h; sourceTree = "<group>"; };
		9B17ECD81D0624B7000B2B10 /* Comment.m */ = {isa = PBXFileReference; fileEncoding = 4; lastKnownFileType = sourcecode.c.objc; path = Comment.m; sourceTree = "<group>"; };
		9B17ECDA1D06254F000B2B10 /* DataSource.h */ = {isa = PBXFileReference; fileEncoding = 4; lastKnownFileType = sourcecode.c.h; path = DataSource.h; sourceTree = "<group>"; };
		9B17ECDB1D06254F000B2B10 /* DataSource.m */ = {isa = PBXFileReference; fileEncoding = 4; lastKnownFileType = sourcecode.c.objc; path = DataSource.m; sourceTree = "<group>"; };
		9B3484501D11BEAA00740C7B /* MediaFullScreenViewController.h */ = {isa = PBXFileReference; fileEncoding = 4; lastKnownFileType = sourcecode.c.h; name = MediaFullScreenViewController.h; path = ../../Blocstagram/Blocstagram/MediaFullScreenViewController.h; sourceTree = "<group>"; };
		9B3484511D11BEAA00740C7B /* MediaFullScreenViewController.m */ = {isa = PBXFileReference; fileEncoding = 4; lastKnownFileType = sourcecode.c.objc; name = MediaFullScreenViewController.m; path = ../../Blocstagram/Blocstagram/MediaFullScreenViewController.m; sourceTree = "<group>"; };
/* End PBXFileReference section */

/* Begin PBXFrameworksBuildPhase section */
		9B17EC7B1D00D473000B2B10 /* Frameworks */ = {
			isa = PBXFrameworksBuildPhase;
			buildActionMask = 2147483647;
			files = (
				7E4F981A70980D3548AC4626 /* libPods-Blocstagram.a in Frameworks */,
			);
			runOnlyForDeploymentPostprocessing = 0;
		};
		9B17EC941D00D473000B2B10 /* Frameworks */ = {
			isa = PBXFrameworksBuildPhase;
			buildActionMask = 2147483647;
			files = (
			);
			runOnlyForDeploymentPostprocessing = 0;
		};
		9B17EC9F1D00D473000B2B10 /* Frameworks */ = {
			isa = PBXFrameworksBuildPhase;
			buildActionMask = 2147483647;
			files = (
			);
			runOnlyForDeploymentPostprocessing = 0;
		};
/* End PBXFrameworksBuildPhase section */

/* Begin PBXGroup section */
		2AA3FAC8AB33DF215610B3DF /* Frameworks */ = {
			isa = PBXGroup;
			children = (
				70C2B67E0E32DD4F41A9B42E /* libPods-Blocstagram.a */,
			);
			name = Frameworks;
			sourceTree = "<group>";
		};
		4D11373A06BF607CA260C1A6 /* Pods */ = {
			isa = PBXGroup;
			children = (
				064EE0878E0B98646A7B6D05 /* Pods-Blocstagram.debug.xcconfig */,
				78CC440274E1D22BDCB5256E /* Pods-Blocstagram.release.xcconfig */,
			);
			name = Pods;
			sourceTree = "<group>";
		};
		9B17EC751D00D473000B2B10 = {
			isa = PBXGroup;
			children = (
				9B17EC801D00D473000B2B10 /* Blocstagram */,
				9B17EC9A1D00D473000B2B10 /* BlocstagramTests */,
				9B17ECA51D00D473000B2B10 /* BlocstagramUITests */,
				9B17EC7F1D00D473000B2B10 /* Products */,
				4D11373A06BF607CA260C1A6 /* Pods */,
				2AA3FAC8AB33DF215610B3DF /* Frameworks */,
			);
			sourceTree = "<group>";
		};
		9B17EC7F1D00D473000B2B10 /* Products */ = {
			isa = PBXGroup;
			children = (
				9B17EC7E1D00D473000B2B10 /* Blocstagram.app */,
				9B17EC971D00D473000B2B10 /* BlocstagramTests.xctest */,
				9B17ECA21D00D473000B2B10 /* BlocstagramUITests.xctest */,
			);
			name = Products;
			sourceTree = "<group>";
		};
		9B17EC801D00D473000B2B10 /* Blocstagram */ = {
			isa = PBXGroup;
			children = (
				9B17ECB41D00DA9D000B2B10 /* Images */,
				9B17ECCC1D00DB8F000B2B10 /* ImagesTableViewController.h */,
				9B17ECCD1D00DB8F000B2B10 /* ImagesTableViewController.m */,
				9B17ECD11D062021000B2B10 /* User.h */,
				9B17ECD21D062021000B2B10 /* User.m */,
				9B17ECD41D062198000B2B10 /* Media.h */,
				9B17ECD51D062198000B2B10 /* Media.m */,
				9B0D603B1D0775D100ECD795 /* MediaTableViewCell.h */,
				9B0D603C1D0775D100ECD795 /* MediaTableViewCell.m */,
				9B3484501D11BEAA00740C7B /* MediaFullScreenViewController.h */,
				9B3484511D11BEAA00740C7B /* MediaFullScreenViewController.m */,
				9B17ECD71D0624B7000B2B10 /* Comment.h */,
				9B17ECD81D0624B7000B2B10 /* Comment.m */,
				9B17ECDB1D06254F000B2B10 /* DataSource.m */,
				9B17ECDA1D06254F000B2B10 /* DataSource.h */,
				9B0D603E1D0A328800ECD795 /* LoginViewController.h */,
				9B0D603F1D0A328800ECD795 /* LoginViewController.m */,
				9B17EC841D00D473000B2B10 /* AppDelegate.h */,
				9B17EC851D00D473000B2B10 /* AppDelegate.m */,
				9B17EC8D1D00D473000B2B10 /* Assets.xcassets */,
				9B0C884E1D14AAB000135BB0 /* CircleSpinnerView.h */,
				9B0C884F1D14AAB000135BB0 /* CircleSpinnerView.m */,
				9B17EC8F1D00D473000B2B10 /* LaunchScreen.storyboard */,
				9B17EC921D00D473000B2B10 /* Info.plist */,
				9B17EC811D00D473000B2B10 /* Supporting Files */,
			);
			path = Blocstagram;
			sourceTree = "<group>";
		};
		9B17EC811D00D473000B2B10 /* Supporting Files */ = {
			isa = PBXGroup;
			children = (
				9B17EC821D00D473000B2B10 /* main.m */,
			);
			name = "Supporting Files";
			sourceTree = "<group>";
		};
		9B17EC9A1D00D473000B2B10 /* BlocstagramTests */ = {
			isa = PBXGroup;
			children = (
				9B17EC9B1D00D473000B2B10 /* BlocstagramTests.m */,
				9B17EC9D1D00D473000B2B10 /* Info.plist */,
			);
			path = BlocstagramTests;
			sourceTree = "<group>";
		};
		9B17ECA51D00D473000B2B10 /* BlocstagramUITests */ = {
			isa = PBXGroup;
			children = (
				9B17ECA61D00D473000B2B10 /* BlocstagramUITests.m */,
				9B17ECA81D00D473000B2B10 /* Info.plist */,
			);
			path = BlocstagramUITests;
			sourceTree = "<group>";
		};
		9B17ECB41D00DA9D000B2B10 /* Images */ = {
			isa = PBXGroup;
			children = (
				9B17ECB51D00DAD2000B2B10 /* 1.jpg */,
				9B17ECB61D00DAD2000B2B10 /* 2.jpg */,
				9B17ECB71D00DAD2000B2B10 /* 3.jpg */,
				9B17ECB81D00DAD2000B2B10 /* 4.jpg */,
				9B17ECB91D00DAD2000B2B10 /* 5.jpg */,
				9B17ECBA1D00DAD2000B2B10 /* 6.jpg */,
				9B17ECBB1D00DAD2000B2B10 /* 7.jpg */,
				9B17ECBC1D00DAD2000B2B10 /* 8.jpg */,
				9B17ECBD1D00DAD2000B2B10 /* 9.jpg */,
				9B17ECBE1D00DAD2000B2B10 /* 10.jpg */,
			);
			name = Images;
			sourceTree = "<group>";
		};
/* End PBXGroup section */

/* Begin PBXNativeTarget section */
		9B17EC7D1D00D473000B2B10 /* Blocstagram */ = {
			isa = PBXNativeTarget;
			buildConfigurationList = 9B17ECAB1D00D473000B2B10 /* Build configuration list for PBXNativeTarget "Blocstagram" */;
			buildPhases = (
				E1C00E5EC7D060D7DBB2D3BD /* [CP] Check Pods Manifest.lock */,
				9B17EC7A1D00D473000B2B10 /* Sources */,
				9B17EC7B1D00D473000B2B10 /* Frameworks */,
				9B17EC7C1D00D473000B2B10 /* Resources */,
				F026DB20764EA64B66D54B21 /* [CP] Embed Pods Frameworks */,
				EDF6C0C1AD2BDADBB4AB91F9 /* [CP] Copy Pods Resources */,
			);
			buildRules = (
			);
			dependencies = (
			);
			name = Blocstagram;
			productName = Blocstagram;
			productReference = 9B17EC7E1D00D473000B2B10 /* Blocstagram.app */;
			productType = "com.apple.product-type.application";
		};
		9B17EC961D00D473000B2B10 /* BlocstagramTests */ = {
			isa = PBXNativeTarget;
			buildConfigurationList = 9B17ECAE1D00D473000B2B10 /* Build configuration list for PBXNativeTarget "BlocstagramTests" */;
			buildPhases = (
				9B17EC931D00D473000B2B10 /* Sources */,
				9B17EC941D00D473000B2B10 /* Frameworks */,
				9B17EC951D00D473000B2B10 /* Resources */,
			);
			buildRules = (
			);
			dependencies = (
				9B17EC991D00D473000B2B10 /* PBXTargetDependency */,
			);
			name = BlocstagramTests;
			productName = BlocstagramTests;
			productReference = 9B17EC971D00D473000B2B10 /* BlocstagramTests.xctest */;
			productType = "com.apple.product-type.bundle.unit-test";
		};
		9B17ECA11D00D473000B2B10 /* BlocstagramUITests */ = {
			isa = PBXNativeTarget;
			buildConfigurationList = 9B17ECB11D00D473000B2B10 /* Build configuration list for PBXNativeTarget "BlocstagramUITests" */;
			buildPhases = (
				9B17EC9E1D00D473000B2B10 /* Sources */,
				9B17EC9F1D00D473000B2B10 /* Frameworks */,
				9B17ECA01D00D473000B2B10 /* Resources */,
			);
			buildRules = (
			);
			dependencies = (
				9B17ECA41D00D473000B2B10 /* PBXTargetDependency */,
			);
			name = BlocstagramUITests;
			productName = BlocstagramUITests;
			productReference = 9B17ECA21D00D473000B2B10 /* BlocstagramUITests.xctest */;
			productType = "com.apple.product-type.bundle.ui-testing";
		};
/* End PBXNativeTarget section */

/* Begin PBXProject section */
		9B17EC761D00D473000B2B10 /* Project object */ = {
			isa = PBXProject;
			attributes = {
				LastUpgradeCheck = 0730;
				ORGANIZATIONNAME = Bloc;
				TargetAttributes = {
					9B17EC7D1D00D473000B2B10 = {
						CreatedOnToolsVersion = 7.3;
					};
					9B17EC961D00D473000B2B10 = {
						CreatedOnToolsVersion = 7.3;
						TestTargetID = 9B17EC7D1D00D473000B2B10;
					};
					9B17ECA11D00D473000B2B10 = {
						CreatedOnToolsVersion = 7.3;
						TestTargetID = 9B17EC7D1D00D473000B2B10;
					};
				};
			};
			buildConfigurationList = 9B17EC791D00D473000B2B10 /* Build configuration list for PBXProject "Blocstagram" */;
			compatibilityVersion = "Xcode 3.2";
			developmentRegion = English;
			hasScannedForEncodings = 0;
			knownRegions = (
				en,
				Base,
			);
			mainGroup = 9B17EC751D00D473000B2B10;
			productRefGroup = 9B17EC7F1D00D473000B2B10 /* Products */;
			projectDirPath = "";
			projectRoot = "";
			targets = (
				9B17EC7D1D00D473000B2B10 /* Blocstagram */,
				9B17EC961D00D473000B2B10 /* BlocstagramTests */,
				9B17ECA11D00D473000B2B10 /* BlocstagramUITests */,
			);
		};
/* End PBXProject section */

/* Begin PBXResourcesBuildPhase section */
		9B17EC7C1D00D473000B2B10 /* Resources */ = {
			isa = PBXResourcesBuildPhase;
			buildActionMask = 2147483647;
			files = (
				9B17ECC71D00DAD2000B2B10 /* 9.jpg in Resources */,
				9B17ECC61D00DAD2000B2B10 /* 8.jpg in Resources */,
				9B17ECC21D00DAD2000B2B10 /* 4.jpg in Resources */,
				9B17ECC11D00DAD2000B2B10 /* 3.jpg in Resources */,
				9B17ECC41D00DAD2000B2B10 /* 6.jpg in Resources */,
				9B17ECBF1D00DAD2000B2B10 /* 1.jpg in Resources */,
				9B17EC911D00D473000B2B10 /* LaunchScreen.storyboard in Resources */,
				9B17ECC31D00DAD2000B2B10 /* 5.jpg in Resources */,
				9B17ECC51D00DAD2000B2B10 /* 7.jpg in Resources */,
				9B17ECC01D00DAD2000B2B10 /* 2.jpg in Resources */,
				9B17ECC81D00DAD2000B2B10 /* 10.jpg in Resources */,
				9B17EC8E1D00D473000B2B10 /* Assets.xcassets in Resources */,
			);
			runOnlyForDeploymentPostprocessing = 0;
		};
		9B17EC951D00D473000B2B10 /* Resources */ = {
			isa = PBXResourcesBuildPhase;
			buildActionMask = 2147483647;
			files = (
			);
			runOnlyForDeploymentPostprocessing = 0;
		};
		9B17ECA01D00D473000B2B10 /* Resources */ = {
			isa = PBXResourcesBuildPhase;
			buildActionMask = 2147483647;
			files = (
			);
			runOnlyForDeploymentPostprocessing = 0;
		};
/* End PBXResourcesBuildPhase section */

/* Begin PBXShellScriptBuildPhase section */
		E1C00E5EC7D060D7DBB2D3BD /* [CP] Check Pods Manifest.lock */ = {
			isa = PBXShellScriptBuildPhase;
			buildActionMask = 2147483647;
			files = (
			);
			inputPaths = (
			);
			name = "[CP] Check Pods Manifest.lock";
			outputPaths = (
			);
			runOnlyForDeploymentPostprocessing = 0;
			shellPath = /bin/sh;
			shellScript = "diff \"${PODS_ROOT}/../Podfile.lock\" \"${PODS_ROOT}/Manifest.lock\" > /dev/null\nif [[ $? != 0 ]] ; then\n    cat << EOM\nerror: The sandbox is not in sync with the Podfile.lock. Run 'pod install' or update your CocoaPods installation.\nEOM\n    exit 1\nfi\n";
			showEnvVarsInLog = 0;
		};
		EDF6C0C1AD2BDADBB4AB91F9 /* [CP] Copy Pods Resources */ = {
			isa = PBXShellScriptBuildPhase;
			buildActionMask = 2147483647;
			files = (
			);
			inputPaths = (
			);
			name = "[CP] Copy Pods Resources";
			outputPaths = (
			);
			runOnlyForDeploymentPostprocessing = 0;
			shellPath = /bin/sh;
			shellScript = "\"${SRCROOT}/../Pods/Target Support Files/Pods-Blocstagram/Pods-Blocstagram-resources.sh\"\n";
			showEnvVarsInLog = 0;
		};
		F026DB20764EA64B66D54B21 /* [CP] Embed Pods Frameworks */ = {
			isa = PBXShellScriptBuildPhase;
			buildActionMask = 2147483647;
			files = (
			);
			inputPaths = (
			);
			name = "[CP] Embed Pods Frameworks";
			outputPaths = (
			);
			runOnlyForDeploymentPostprocessing = 0;
			shellPath = /bin/sh;
			shellScript = "\"${SRCROOT}/../Pods/Target Support Files/Pods-Blocstagram/Pods-Blocstagram-frameworks.sh\"\n";
			showEnvVarsInLog = 0;
		};
/* End PBXShellScriptBuildPhase section */

/* Begin PBXSourcesBuildPhase section */
		9B17EC7A1D00D473000B2B10 /* Sources */ = {
			isa = PBXSourcesBuildPhase;
			buildActionMask = 2147483647;
			files = (
				9B3484521D11BEAA00740C7B /* MediaFullScreenViewController.m in Sources */,
				9B0C88501D14AAB000135BB0 /* CircleSpinnerView.m in Sources */,
				9B17ECD31D062021000B2B10 /* User.m in Sources */,
				9B17ECD91D0624B7000B2B10 /* Comment.m in Sources */,
				9B0D603D1D0775D100ECD795 /* MediaTableViewCell.m in Sources */,
				9B17ECD61D062198000B2B10 /* Media.m in Sources */,
				9B17EC861D00D473000B2B10 /* AppDelegate.m in Sources */,
				9B0D60401D0A328800ECD795 /* LoginViewController.m in Sources */,
				9B17ECDC1D06254F000B2B10 /* DataSource.m in Sources */,
				9B17EC831D00D473000B2B10 /* main.m in Sources */,
				9B17ECCE1D00DB8F000B2B10 /* ImagesTableViewController.m in Sources */,
			);
			runOnlyForDeploymentPostprocessing = 0;
		};
		9B17EC931D00D473000B2B10 /* Sources */ = {
			isa = PBXSourcesBuildPhase;
			buildActionMask = 2147483647;
			files = (
				9B17EC9C1D00D473000B2B10 /* BlocstagramTests.m in Sources */,
			);
			runOnlyForDeploymentPostprocessing = 0;
		};
		9B17EC9E1D00D473000B2B10 /* Sources */ = {
			isa = PBXSourcesBuildPhase;
			buildActionMask = 2147483647;
			files = (
				9B17ECA71D00D473000B2B10 /* BlocstagramUITests.m in Sources */,
			);
			runOnlyForDeploymentPostprocessing = 0;
		};
/* End PBXSourcesBuildPhase section */

/* Begin PBXTargetDependency section */
		9B17EC991D00D473000B2B10 /* PBXTargetDependency */ = {
			isa = PBXTargetDependency;
			target = 9B17EC7D1D00D473000B2B10 /* Blocstagram */;
			targetProxy = 9B17EC981D00D473000B2B10 /* PBXContainerItemProxy */;
		};
		9B17ECA41D00D473000B2B10 /* PBXTargetDependency */ = {
			isa = PBXTargetDependency;
			target = 9B17EC7D1D00D473000B2B10 /* Blocstagram */;
			targetProxy = 9B17ECA31D00D473000B2B10 /* PBXContainerItemProxy */;
		};
/* End PBXTargetDependency section */

/* Begin PBXVariantGroup section */
		9B17EC8F1D00D473000B2B10 /* LaunchScreen.storyboard */ = {
			isa = PBXVariantGroup;
			children = (
				9B17EC901D00D473000B2B10 /* Base */,
			);
			name = LaunchScreen.storyboard;
			sourceTree = "<group>";
		};
/* End PBXVariantGroup section */

/* Begin XCBuildConfiguration section */
		9B17ECA91D00D473000B2B10 /* Debug */ = {
			isa = XCBuildConfiguration;
			buildSettings = {
				ALWAYS_SEARCH_USER_PATHS = NO;
				CLANG_ANALYZER_NONNULL = YES;
				CLANG_CXX_LANGUAGE_STANDARD = "gnu++0x";
				CLANG_CXX_LIBRARY = "libc++";
				CLANG_ENABLE_MODULES = YES;
				CLANG_ENABLE_OBJC_ARC = YES;
				CLANG_WARN_BOOL_CONVERSION = YES;
				CLANG_WARN_CONSTANT_CONVERSION = YES;
				CLANG_WARN_DIRECT_OBJC_ISA_USAGE = YES_ERROR;
				CLANG_WARN_EMPTY_BODY = YES;
				CLANG_WARN_ENUM_CONVERSION = YES;
				CLANG_WARN_INT_CONVERSION = YES;
				CLANG_WARN_OBJC_ROOT_CLASS = YES_ERROR;
				CLANG_WARN_UNREACHABLE_CODE = YES;
				CLANG_WARN__DUPLICATE_METHOD_MATCH = YES;
				"CODE_SIGN_IDENTITY[sdk=iphoneos*]" = "iPhone Developer";
				COPY_PHASE_STRIP = NO;
				DEBUG_INFORMATION_FORMAT = dwarf;
				ENABLE_STRICT_OBJC_MSGSEND = YES;
				ENABLE_TESTABILITY = YES;
				GCC_C_LANGUAGE_STANDARD = gnu99;
				GCC_DYNAMIC_NO_PIC = NO;
				GCC_NO_COMMON_BLOCKS = YES;
				GCC_OPTIMIZATION_LEVEL = 0;
				GCC_PREPROCESSOR_DEFINITIONS = (
					"DEBUG=1",
					"$(inherited)",
				);
				GCC_WARN_64_TO_32_BIT_CONVERSION = YES;
				GCC_WARN_ABOUT_RETURN_TYPE = YES_ERROR;
				GCC_WARN_UNDECLARED_SELECTOR = YES;
				GCC_WARN_UNINITIALIZED_AUTOS = YES_AGGRESSIVE;
				GCC_WARN_UNUSED_FUNCTION = YES;
				GCC_WARN_UNUSED_VARIABLE = YES;
				IPHONEOS_DEPLOYMENT_TARGET = 9.3;
				MTL_ENABLE_DEBUG_INFO = YES;
				ONLY_ACTIVE_ARCH = YES;
				SDKROOT = iphoneos;
				TARGETED_DEVICE_FAMILY = "1,2";
			};
			name = Debug;
		};
		9B17ECAA1D00D473000B2B10 /* Release */ = {
			isa = XCBuildConfiguration;
			buildSettings = {
				ALWAYS_SEARCH_USER_PATHS = NO;
				CLANG_ANALYZER_NONNULL = YES;
				CLANG_CXX_LANGUAGE_STANDARD = "gnu++0x";
				CLANG_CXX_LIBRARY = "libc++";
				CLANG_ENABLE_MODULES = YES;
				CLANG_ENABLE_OBJC_ARC = YES;
				CLANG_WARN_BOOL_CONVERSION = YES;
				CLANG_WARN_CONSTANT_CONVERSION = YES;
				CLANG_WARN_DIRECT_OBJC_ISA_USAGE = YES_ERROR;
				CLANG_WARN_EMPTY_BODY = YES;
				CLANG_WARN_ENUM_CONVERSION = YES;
				CLANG_WARN_INT_CONVERSION = YES;
				CLANG_WARN_OBJC_ROOT_CLASS = YES_ERROR;
				CLANG_WARN_UNREACHABLE_CODE = YES;
				CLANG_WARN__DUPLICATE_METHOD_MATCH = YES;
				"CODE_SIGN_IDENTITY[sdk=iphoneos*]" = "iPhone Developer";
				COPY_PHASE_STRIP = NO;
				DEBUG_INFORMATION_FORMAT = "dwarf-with-dsym";
				ENABLE_NS_ASSERTIONS = NO;
				ENABLE_STRICT_OBJC_MSGSEND = YES;
				GCC_C_LANGUAGE_STANDARD = gnu99;
				GCC_NO_COMMON_BLOCKS = YES;
				GCC_WARN_64_TO_32_BIT_CONVERSION = YES;
				GCC_WARN_ABOUT_RETURN_TYPE = YES_ERROR;
				GCC_WARN_UNDECLARED_SELECTOR = YES;
				GCC_WARN_UNINITIALIZED_AUTOS = YES_AGGRESSIVE;
				GCC_WARN_UNUSED_FUNCTION = YES;
				GCC_WARN_UNUSED_VARIABLE = YES;
				IPHONEOS_DEPLOYMENT_TARGET = 9.3;
				MTL_ENABLE_DEBUG_INFO = NO;
				SDKROOT = iphoneos;
				TARGETED_DEVICE_FAMILY = "1,2";
				VALIDATE_PRODUCT = YES;
			};
			name = Release;
		};
		9B17ECAC1D00D473000B2B10 /* Debug */ = {
			isa = XCBuildConfiguration;
			baseConfigurationReference = 064EE0878E0B98646A7B6D05 /* Pods-Blocstagram.debug.xcconfig */;
			buildSettings = {
				ASSETCATALOG_COMPILER_APPICON_NAME = AppIcon;
				INFOPLIST_FILE = Blocstagram/Info.plist;
				LD_RUNPATH_SEARCH_PATHS = "$(inherited) @executable_path/Frameworks";
				PRODUCT_BUNDLE_IDENTIFIER = bloc.io.Blocstagram;
				PRODUCT_NAME = "$(TARGET_NAME)";
			};
			name = Debug;
		};
		9B17ECAD1D00D473000B2B10 /* Release */ = {
			isa = XCBuildConfiguration;
			baseConfigurationReference = 78CC440274E1D22BDCB5256E /* Pods-Blocstagram.release.xcconfig */;
			buildSettings = {
				ASSETCATALOG_COMPILER_APPICON_NAME = AppIcon;
				INFOPLIST_FILE = Blocstagram/Info.plist;
				LD_RUNPATH_SEARCH_PATHS = "$(inherited) @executable_path/Frameworks";
				PRODUCT_BUNDLE_IDENTIFIER = bloc.io.Blocstagram;
				PRODUCT_NAME = "$(TARGET_NAME)";
			};
			name = Release;
		};
		9B17ECAF1D00D473000B2B10 /* Debug */ = {
			isa = XCBuildConfiguration;
			buildSettings = {
				BUNDLE_LOADER = "$(TEST_HOST)";
				INFOPLIST_FILE = BlocstagramTests/Info.plist;
				LD_RUNPATH_SEARCH_PATHS = "$(inherited) @executable_path/Frameworks @loader_path/Frameworks";
				PRODUCT_BUNDLE_IDENTIFIER = bloc.io.BlocstagramTests;
				PRODUCT_NAME = "$(TARGET_NAME)";
				TEST_HOST = "$(BUILT_PRODUCTS_DIR)/Blocstagram.app/Blocstagram";
			};
			name = Debug;
		};
		9B17ECB01D00D473000B2B10 /* Release */ = {
			isa = XCBuildConfiguration;
			buildSettings = {
				BUNDLE_LOADER = "$(TEST_HOST)";
				INFOPLIST_FILE = BlocstagramTests/Info.plist;
				LD_RUNPATH_SEARCH_PATHS = "$(inherited) @executable_path/Frameworks @loader_path/Frameworks";
				PRODUCT_BUNDLE_IDENTIFIER = bloc.io.BlocstagramTests;
				PRODUCT_NAME = "$(TARGET_NAME)";
				TEST_HOST = "$(BUILT_PRODUCTS_DIR)/Blocstagram.app/Blocstagram";
			};
			name = Release;
		};
		9B17ECB21D00D473000B2B10 /* Debug */ = {
			isa = XCBuildConfiguration;
			buildSettings = {
				INFOPLIST_FILE = BlocstagramUITests/Info.plist;
				LD_RUNPATH_SEARCH_PATHS = "$(inherited) @executable_path/Frameworks @loader_path/Frameworks";
				PRODUCT_BUNDLE_IDENTIFIER = bloc.io.BlocstagramUITests;
				PRODUCT_NAME = "$(TARGET_NAME)";
				TEST_TARGET_NAME = Blocstagram;
			};
			name = Debug;
		};
		9B17ECB31D00D473000B2B10 /* Release */ = {
			isa = XCBuildConfiguration;
			buildSettings = {
				INFOPLIST_FILE = BlocstagramUITests/Info.plist;
				LD_RUNPATH_SEARCH_PATHS = "$(inherited) @executable_path/Frameworks @loader_path/Frameworks";
				PRODUCT_BUNDLE_IDENTIFIER = bloc.io.BlocstagramUITests;
				PRODUCT_NAME = "$(TARGET_NAME)";
				TEST_TARGET_NAME = Blocstagram;
			};
			name = Release;
		};
/* End XCBuildConfiguration section */

/* Begin XCConfigurationList section */
		9B17EC791D00D473000B2B10 /* Build configuration list for PBXProject "Blocstagram" */ = {
			isa = XCConfigurationList;
			buildConfigurations = (
				9B17ECA91D00D473000B2B10 /* Debug */,
				9B17ECAA1D00D473000B2B10 /* Release */,
			);
			defaultConfigurationIsVisible = 0;
			defaultConfigurationName = Release;
		};
		9B17ECAB1D00D473000B2B10 /* Build configuration list for PBXNativeTarget "Blocstagram" */ = {
			isa = XCConfigurationList;
			buildConfigurations = (
				9B17ECAC1D00D473000B2B10 /* Debug */,
				9B17ECAD1D00D473000B2B10 /* Release */,
			);
			defaultConfigurationIsVisible = 0;
			defaultConfigurationName = Release;
		};
		9B17ECAE1D00D473000B2B10 /* Build configuration list for PBXNativeTarget "BlocstagramTests" */ = {
			isa = XCConfigurationList;
			buildConfigurations = (
				9B17ECAF1D00D473000B2B10 /* Debug */,
				9B17ECB01D00D473000B2B10 /* Release */,
			);
			defaultConfigurationIsVisible = 0;
			defaultConfigurationName = Release;
		};
		9B17ECB11D00D473000B2B10 /* Build configuration list for PBXNativeTarget "BlocstagramUITests" */ = {
			isa = XCConfigurationList;
			buildConfigurations = (
				9B17ECB21D00D473000B2B10 /* Debug */,
				9B17ECB31D00D473000B2B10 /* Release */,
			);
			defaultConfigurationIsVisible = 0;
			defaultConfigurationName = Release;
		};
/* End XCConfigurationList section */
	};
	rootObject = 9B17EC761D00D473000B2B10 /* Project object */;
}
